
Microsoft Visual Studio Solution File, Format Version 12.00
# Visual Studio Version 17
VisualStudioVersion = 17.9.34622.214
MinimumVisualStudioVersion = 10.0.40219.1
Project("{9A19103F-16F7-4668-BE54-9A1E7A4F7556}") = "24.04", "24.04.csproj", "{FFF3BE4B-8630-44B7-8B74-D398E98ECA44}"
EndProject
Project("{FAE04EC0-301F-11D3-BF4B-00C04F79EFBC}") = "26.04", "..\26.04\26.04.csproj", "{3CF48260-59C5-4D3E-B3C8-92730ECE7FC5}"
EndProject
Global
	GlobalSection(SolutionConfigurationPlatforms) = preSolution
		Debug|Any CPU = Debug|Any CPU
		Release|Any CPU = Release|Any CPU
	EndGlobalSection
	GlobalSection(ProjectConfigurationPlatforms) = postSolution
		{FFF3BE4B-8630-44B7-8B74-D398E98ECA44}.Debug|Any CPU.ActiveCfg = Debug|Any CPU
		{FFF3BE4B-8630-44B7-8B74-D398E98ECA44}.Debug|Any CPU.Build.0 = Debug|Any CPU
		{FFF3BE4B-8630-44B7-8B74-D398E98ECA44}.Release|Any CPU.ActiveCfg = Release|Any CPU
		{FFF3BE4B-8630-44B7-8B74-D398E98ECA44}.Release|Any CPU.Build.0 = Release|Any CPU
		{3CF48260-59C5-4D3E-B3C8-92730ECE7FC5}.Debug|Any CPU.ActiveCfg = Debug|Any CPU
		{3CF48260-59C5-4D3E-B3C8-92730ECE7FC5}.Debug|Any CPU.Build.0 = Debug|Any CPU
		{3CF48260-59C5-4D3E-B3C8-92730ECE7FC5}.Release|Any CPU.ActiveCfg = Release|Any CPU
		{3CF48260-59C5-4D3E-B3C8-92730ECE7FC5}.Release|Any CPU.Build.0 = Release|Any CPU
	EndGlobalSection
	GlobalSection(SolutionProperties) = preSolution
		HideSolutionNode = FALSE
	EndGlobalSection
	GlobalSection(ExtensibilityGlobals) = postSolution
		SolutionGuid = {F5666D7F-68F8-44BD-A21D-D55BE017EC0A}
	EndGlobalSection
EndGlobal
