
Microsoft Visual Studio Solution File, Format Version 12.00
# Visual Studio Version 17
VisualStudioVersion = 17.9.34622.214
MinimumVisualStudioVersion = 10.0.40219.1
Project("{FAE04EC0-301F-11D3-BF4B-00C04F79EFBC}") = "03.06", "03.06.csproj", "{D7BA274A-1CED-4A7B-B3D2-6ACDE901177A}"
EndProject
Global
	GlobalSection(SolutionConfigurationPlatforms) = preSolution
		Debug|Any CPU = Debug|Any CPU
		Release|Any CPU = Release|Any CPU
	EndGlobalSection
	GlobalSection(ProjectConfigurationPlatforms) = postSolution
		{D7BA274A-1CED-4A7B-B3D2-6ACDE901177A}.Debug|Any CPU.ActiveCfg = Debug|Any CPU
		{D7BA274A-1CED-4A7B-B3D2-6ACDE901177A}.Debug|Any CPU.Build.0 = Debug|Any CPU
		{D7BA274A-1CED-4A7B-B3D2-6ACDE901177A}.Release|Any CPU.ActiveCfg = Release|Any CPU
		{D7BA274A-1CED-4A7B-B3D2-6ACDE901177A}.Release|Any CPU.Build.0 = Release|Any CPU
	EndGlobalSection
	GlobalSection(SolutionProperties) = preSolution
		HideSolutionNode = FALSE
	EndGlobalSection
	GlobalSection(ExtensibilityGlobals) = postSolution
		SolutionGuid = {F46D2F61-188A-4299-B091-CF8E921D5727}
	EndGlobalSection
EndGlobal
