
Microsoft Visual Studio Solution File, Format Version 12.00
# Visual Studio Version 17
VisualStudioVersion = 17.9.34622.214
MinimumVisualStudioVersion = 10.0.40219.1
Project("{FAE04EC0-301F-11D3-BF4B-00C04F79EFBC}") = "27.03", "27.03.csproj", "{9B2A48C4-5C84-43B2-8EFD-53D6F915AAB0}"
EndProject
Global
	GlobalSection(SolutionConfigurationPlatforms) = preSolution
		Debug|Any CPU = Debug|Any CPU
		Release|Any CPU = Release|Any CPU
	EndGlobalSection
	GlobalSection(ProjectConfigurationPlatforms) = postSolution
		{9B2A48C4-5C84-43B2-8EFD-53D6F915AAB0}.Debug|Any CPU.ActiveCfg = Debug|Any CPU
		{9B2A48C4-5C84-43B2-8EFD-53D6F915AAB0}.Debug|Any CPU.Build.0 = Debug|Any CPU
		{9B2A48C4-5C84-43B2-8EFD-53D6F915AAB0}.Release|Any CPU.ActiveCfg = Release|Any CPU
		{9B2A48C4-5C84-43B2-8EFD-53D6F915AAB0}.Release|Any CPU.Build.0 = Release|Any CPU
	EndGlobalSection
	GlobalSection(SolutionProperties) = preSolution
		HideSolutionNode = FALSE
	EndGlobalSection
	GlobalSection(ExtensibilityGlobals) = postSolution
		SolutionGuid = {F8052A5A-E273-40B8-BE45-2468656A5BA5}
	EndGlobalSection
EndGlobal
