
Microsoft Visual Studio Solution File, Format Version 12.00
# Visual Studio Version 17
VisualStudioVersion = 17.8.34525.116
MinimumVisualStudioVersion = 10.0.40219.1
Project("{FAE04EC0-301F-11D3-BF4B-00C04F79EFBC}") = "19.02", "19.02.csproj", "{2A82C972-43FF-47C4-86EB-13C21E4FEDE1}"
EndProject
Project("{FAE04EC0-301F-11D3-BF4B-00C04F79EFBC}") = "ZAD", "..\ZAD\ZAD.csproj", "{7A316216-E9DF-4B27-AEA0-87D76830F2E8}"
EndProject
Global
	GlobalSection(SolutionConfigurationPlatforms) = preSolution
		Debug|Any CPU = Debug|Any CPU
		Release|Any CPU = Release|Any CPU
	EndGlobalSection
	GlobalSection(ProjectConfigurationPlatforms) = postSolution
		{2A82C972-43FF-47C4-86EB-13C21E4FEDE1}.Debug|Any CPU.ActiveCfg = Debug|Any CPU
		{2A82C972-43FF-47C4-86EB-13C21E4FEDE1}.Debug|Any CPU.Build.0 = Debug|Any CPU
		{2A82C972-43FF-47C4-86EB-13C21E4FEDE1}.Release|Any CPU.ActiveCfg = Release|Any CPU
		{2A82C972-43FF-47C4-86EB-13C21E4FEDE1}.Release|Any CPU.Build.0 = Release|Any CPU
		{7A316216-E9DF-4B27-AEA0-87D76830F2E8}.Debug|Any CPU.ActiveCfg = Debug|Any CPU
		{7A316216-E9DF-4B27-AEA0-87D76830F2E8}.Debug|Any CPU.Build.0 = Debug|Any CPU
		{7A316216-E9DF-4B27-AEA0-87D76830F2E8}.Release|Any CPU.ActiveCfg = Release|Any CPU
		{7A316216-E9DF-4B27-AEA0-87D76830F2E8}.Release|Any CPU.Build.0 = Release|Any CPU
	EndGlobalSection
	GlobalSection(SolutionProperties) = preSolution
		HideSolutionNode = FALSE
	EndGlobalSection
	GlobalSection(ExtensibilityGlobals) = postSolution
		SolutionGuid = {2B63A5B0-4CA6-4D6B-ADBD-FDCE47CFA4A5}
	EndGlobalSection
EndGlobal
